
Microsoft Visual Studio Solution File, Format Version 12.00
# Visual Studio Version 16
VisualStudioVersion = 16.0.29424.173
MinimumVisualStudioVersion = 10.0.40219.1
Project("{FAE04EC0-301F-11D3-BF4B-00C04F79EFBC}") = "delete.element", "delete.element\delete.element.csproj", "{F6328247-81B1-4CE9-8CA0-CB9CB1B199AA}"
EndProject
Global
	GlobalSection(SolutionConfigurationPlatforms) = preSolution
		Debug|Any CPU = Debug|Any CPU
		Release|Any CPU = Release|Any CPU
	EndGlobalSection
	GlobalSection(ProjectConfigurationPlatforms) = postSolution
		{F6328247-81B1-4CE9-8CA0-CB9CB1B199AA}.Debug|Any CPU.ActiveCfg = Debug|Any CPU
		{F6328247-81B1-4CE9-8CA0-CB9CB1B199AA}.Debug|Any CPU.Build.0 = Debug|Any CPU
		{F6328247-81B1-4CE9-8CA0-CB9CB1B199AA}.Release|Any CPU.ActiveCfg = Release|Any CPU
		{F6328247-81B1-4CE9-8CA0-CB9CB1B199AA}.Release|Any CPU.Build.0 = Release|Any CPU
	EndGlobalSection
	GlobalSection(SolutionProperties) = preSolution
		HideSolutionNode = FALSE
	EndGlobalSection
	GlobalSection(ExtensibilityGlobals) = postSolution
		SolutionGuid = {E4823DD1-FA12-4BA1-9E88-79A30646A8A3}
	EndGlobalSection
EndGlobal
