
Microsoft Visual Studio Solution File, Format Version 12.00
# Visual Studio Version 16
VisualStudioVersion = 16.0.29424.173
MinimumVisualStudioVersion = 10.0.40219.1
Project("{FAE04EC0-301F-11D3-BF4B-00C04F79EFBC}") = "SocailNetwork", "SocailNetwork\SocailNetwork.csproj", "{3F4E6D7D-84C7-4055-8E93-0EEC1486715F}"
EndProject
Global
	GlobalSection(SolutionConfigurationPlatforms) = preSolution
		Debug|Any CPU = Debug|Any CPU
		Release|Any CPU = Release|Any CPU
	EndGlobalSection
	GlobalSection(ProjectConfigurationPlatforms) = postSolution
		{3F4E6D7D-84C7-4055-8E93-0EEC1486715F}.Debug|Any CPU.ActiveCfg = Debug|Any CPU
		{3F4E6D7D-84C7-4055-8E93-0EEC1486715F}.Debug|Any CPU.Build.0 = Debug|Any CPU
		{3F4E6D7D-84C7-4055-8E93-0EEC1486715F}.Release|Any CPU.ActiveCfg = Release|Any CPU
		{3F4E6D7D-84C7-4055-8E93-0EEC1486715F}.Release|Any CPU.Build.0 = Release|Any CPU
	EndGlobalSection
	GlobalSection(SolutionProperties) = preSolution
		HideSolutionNode = FALSE
	EndGlobalSection
	GlobalSection(ExtensibilityGlobals) = postSolution
		SolutionGuid = {48F4851E-5412-4BAF-9AEC-B1B4127A7D87}
	EndGlobalSection
EndGlobal
